
Microsoft Visual Studio Solution File, Format Version 12.00
# Visual Studio Version 17
VisualStudioVersion = 17.4.33403.182
MinimumVisualStudioVersion = 10.0.40219.1
Project("{FAE04EC0-301F-11D3-BF4B-00C04F79EFBC}") = "Courier Management System", "Courier Management System\Courier Management System.csproj", "{0E7D372E-3037-49ED-A869-B9BD2542F959}"
EndProject
Global
	GlobalSection(SolutionConfigurationPlatforms) = preSolution
		Debug|Any CPU = Debug|Any CPU
		Release|Any CPU = Release|Any CPU
	EndGlobalSection
	GlobalSection(ProjectConfigurationPlatforms) = postSolution
		{0E7D372E-3037-49ED-A869-B9BD2542F959}.Debug|Any CPU.ActiveCfg = Debug|Any CPU
		{0E7D372E-3037-49ED-A869-B9BD2542F959}.Debug|Any CPU.Build.0 = Debug|Any CPU
		{0E7D372E-3037-49ED-A869-B9BD2542F959}.Release|Any CPU.ActiveCfg = Release|Any CPU
		{0E7D372E-3037-49ED-A869-B9BD2542F959}.Release|Any CPU.Build.0 = Release|Any CPU
	EndGlobalSection
	GlobalSection(SolutionProperties) = preSolution
		HideSolutionNode = FALSE
	EndGlobalSection
	GlobalSection(ExtensibilityGlobals) = postSolution
		SolutionGuid = {FE4EC799-94E6-44D3-BD94-DB4BEF3473CE}
	EndGlobalSection
EndGlobal
